
Microsoft Visual Studio Solution File, Format Version 12.00
# Visual Studio Version 17
VisualStudioVersion = 17.2.32210.308
MinimumVisualStudioVersion = 10.0.40219.1
Project("{FAE04EC0-301F-11D3-BF4B-00C04F79EFBC}") = "LinkedLists", "LinkedLists\LinkedLists.csproj", "{C5FCA98E-3DA8-42D8-96D0-19B51ED0943C}"
EndProject
Global
	GlobalSection(SolutionConfigurationPlatforms) = preSolution
		Debug|Any CPU = Debug|Any CPU
		Release|Any CPU = Release|Any CPU
	EndGlobalSection
	GlobalSection(ProjectConfigurationPlatforms) = postSolution
		{C5FCA98E-3DA8-42D8-96D0-19B51ED0943C}.Debug|Any CPU.ActiveCfg = Debug|Any CPU
		{C5FCA98E-3DA8-42D8-96D0-19B51ED0943C}.Debug|Any CPU.Build.0 = Debug|Any CPU
		{C5FCA98E-3DA8-42D8-96D0-19B51ED0943C}.Release|Any CPU.ActiveCfg = Release|Any CPU
		{C5FCA98E-3DA8-42D8-96D0-19B51ED0943C}.Release|Any CPU.Build.0 = Release|Any CPU
	EndGlobalSection
	GlobalSection(SolutionProperties) = preSolution
		HideSolutionNode = FALSE
	EndGlobalSection
	GlobalSection(ExtensibilityGlobals) = postSolution
		SolutionGuid = {5C6EA2E1-9F7A-4923-9671-B3B90D501671}
	EndGlobalSection
EndGlobal
